// !$*UTF8*$!
{
	archiveVersion = 1;
	classes = {
	};
	objectVersion = 46;
	objects = {

/* Begin PBXBuildFile section */
		4C192CAD1992A249002D39AB /* smc.swift in Sources */ = {isa = PBXBuildFile; fileRef = 4C192CAC1992A249002D39AB /* smc.swift */; };
		4C9A793A19B1203E00F503AB /* main.swift in Sources */ = {isa = PBXBuildFile; fileRef = 4C9A793919B1203E00F503AB /* main.swift */; };
/* End PBXBuildFile section */

/* Begin PBXCopyFilesBuildPhase section */
		4C2C0E151991993E00808039 /* CopyFiles */ = {
			isa = PBXCopyFilesBuildPhase;
			buildActionMask = 2147483647;
			dstPath = /usr/share/man/man1/;
			dstSubfolderSpec = 0;
			files = (
			);
			runOnlyForDeploymentPostprocessing = 1;
		};
/* End PBXCopyFilesBuildPhase section */

/* Begin PBXFileReference section */
		4C192CAC1992A249002D39AB /* smc.swift */ = {isa = PBXFileReference; fileEncoding = 4; lastKnownFileType = sourcecode.swift; path = smc.swift; sourceTree = "<group>"; };
		4C2C0E171991993E00808039 /* swift-smc */ = {isa = PBXFileReference; explicitFileType = "compiled.mach-o.executable"; includeInIndex = 0; path = "swift-smc"; sourceTree = BUILT_PRODUCTS_DIR; };
		4C9A793919B1203E00F503AB /* main.swift */ = {isa = PBXFileReference; fileEncoding = 4; lastKnownFileType = sourcecode.swift; name = main.swift; path = sample/main.swift; sourceTree = SOURCE_ROOT; };
/* End PBXFileReference section */

/* Begin PBXFrameworksBuildPhase section */
		4C2C0E141991993E00808039 /* Frameworks */ = {
			isa = PBXFrameworksBuildPhase;
			buildActionMask = 2147483647;
			files = (
			);
			runOnlyForDeploymentPostprocessing = 0;
		};
/* End PBXFrameworksBuildPhase section */

/* Begin PBXGroup section */
		4C2C0E0E1991993E00808039 = {
			isa = PBXGroup;
			children = (
				4C9A793819B11FEE00F503AB /* sample */,
				4C2C0E191991993E00808039 /* swift-smc */,
				4C2C0E181991993E00808039 /* Products */,
			);
			sourceTree = "<group>";
		};
		4C2C0E181991993E00808039 /* Products */ = {
			isa = PBXGroup;
			children = (
				4C2C0E171991993E00808039 /* swift-smc */,
			);
			name = Products;
			sourceTree = "<group>";
		};
		4C2C0E191991993E00808039 /* swift-smc */ = {
			isa = PBXGroup;
			children = (
				4C192CAC1992A249002D39AB /* smc.swift */,
			);
			path = "swift-smc";
			sourceTree = "<group>";
		};
		4C9A793819B11FEE00F503AB /* sample */ = {
			isa = PBXGroup;
			children = (
				4C9A793919B1203E00F503AB /* main.swift */,
			);
			name = sample;
			path = "swift-smc";
			sourceTree = "<group>";
		};
/* End PBXGroup section */

/* Begin PBXNativeTarget section */
		4C2C0E161991993E00808039 /* swift-smc */ = {
			isa = PBXNativeTarget;
			buildConfigurationList = 4C2C0E1E1991993E00808039 /* Build configuration list for PBXNativeTarget "swift-smc" */;
			buildPhases = (
				4C2C0E131991993E00808039 /* Sources */,
				4C2C0E141991993E00808039 /* Frameworks */,
				4C2C0E151991993E00808039 /* CopyFiles */,
			);
			buildRules = (
			);
			dependencies = (
			);
			name = "swift-smc";
			productName = "swift-smc";
			productReference = 4C2C0E171991993E00808039 /* swift-smc */;
			productType = "com.apple.product-type.tool";
		};
/* End PBXNativeTarget section */

/* Begin PBXProject section */
		4C2C0E0F1991993E00808039 /* Project object */ = {
			isa = PBXProject;
			attributes = {
				LastUpgradeCheck = 0600;
				ORGANIZATIONNAME = beltex;
				TargetAttributes = {
					4C2C0E161991993E00808039 = {
						CreatedOnToolsVersion = 6.0;
					};
				};
			};
			buildConfigurationList = 4C2C0E121991993E00808039 /* Build configuration list for PBXProject "swift-smc" */;
			compatibilityVersion = "Xcode 3.2";
			developmentRegion = English;
			hasScannedForEncodings = 0;
			knownRegions = (
				en,
			);
			mainGroup = 4C2C0E0E1991993E00808039;
			productRefGroup = 4C2C0E181991993E00808039 /* Products */;
			projectDirPath = "";
			projectRoot = "";
			targets = (
				4C2C0E161991993E00808039 /* swift-smc */,
			);
		};
/* End PBXProject section */

/* Begin PBXSourcesBuildPhase section */
		4C2C0E131991993E00808039 /* Sources */ = {
			isa = PBXSourcesBuildPhase;
			buildActionMask = 2147483647;
			files = (
				4C192CAD1992A249002D39AB /* smc.swift in Sources */,
				4C9A793A19B1203E00F503AB /* main.swift in Sources */,
			);
			runOnlyForDeploymentPostprocessing = 0;
		};
/* End PBXSourcesBuildPhase section */

/* Begin XCBuildConfiguration section */
		4C2C0E1C1991993E00808039 /* Debug */ = {
			isa = XCBuildConfiguration;
			buildSettings = {
				ALWAYS_SEARCH_USER_PATHS = NO;
				CLANG_CXX_LANGUAGE_STANDARD = "gnu++0x";
				CLANG_CXX_LIBRARY = "libc++";
				CLANG_ENABLE_MODULES = YES;
				CLANG_ENABLE_OBJC_ARC = YES;
				CLANG_WARN_BOOL_CONVERSION = YES;
				CLANG_WARN_CONSTANT_CONVERSION = YES;
				CLANG_WARN_DIRECT_OBJC_ISA_USAGE = YES_ERROR;
				CLANG_WARN_EMPTY_BODY = YES;
				CLANG_WARN_ENUM_CONVERSION = YES;
				CLANG_WARN_INT_CONVERSION = YES;
				CLANG_WARN_OBJC_ROOT_CLASS = YES_ERROR;
				CLANG_WARN_UNREACHABLE_CODE = YES;
				CLANG_WARN__DUPLICATE_METHOD_MATCH = YES;
				COPY_PHASE_STRIP = NO;
				ENABLE_STRICT_OBJC_MSGSEND = YES;
				GCC_C_LANGUAGE_STANDARD = gnu99;
				GCC_DYNAMIC_NO_PIC = NO;
				GCC_OPTIMIZATION_LEVEL = 0;
				GCC_PREPROCESSOR_DEFINITIONS = (
					"DEBUG=1",
					"$(inherited)",
				);
				GCC_SYMBOLS_PRIVATE_EXTERN = NO;
				GCC_WARN_64_TO_32_BIT_CONVERSION = YES;
				GCC_WARN_ABOUT_RETURN_TYPE = YES_ERROR;
				GCC_WARN_UNDECLARED_SELECTOR = YES;
				GCC_WARN_UNINITIALIZED_AUTOS = YES_AGGRESSIVE;
				GCC_WARN_UNUSED_FUNCTION = YES;
				GCC_WARN_UNUSED_VARIABLE = YES;
				MACOSX_DEPLOYMENT_TARGET = 10.9;
				MTL_ENABLE_DEBUG_INFO = YES;
				ONLY_ACTIVE_ARCH = YES;
				SDKROOT = macosx;
				SWIFT_OPTIMIZATION_LEVEL = "-Onone";
			};
			name = Debug;
		};
		4C2C0E1D1991993E00808039 /* Release */ = {
			isa = XCBuildConfiguration;
			buildSettings = {
				ALWAYS_SEARCH_USER_PATHS = NO;
				CLANG_CXX_LANGUAGE_STANDARD = "gnu++0x";
				CLANG_CXX_LIBRARY = "libc++";
				CLANG_ENABLE_MODULES = YES;
				CLANG_ENABLE_OBJC_ARC = YES;
				CLANG_WARN_BOOL_CONVERSION = YES;
				CLANG_WARN_CONSTANT_CONVERSION = YES;
				CLANG_WARN_DIRECT_OBJC_ISA_USAGE = YES_ERROR;
				CLANG_WARN_EMPTY_BODY = YES;
				CLANG_WARN_ENUM_CONVERSION = YES;
				CLANG_WARN_INT_CONVERSION = YES;
				CLANG_WARN_OBJC_ROOT_CLASS = YES_ERROR;
				CLANG_WARN_UNREACHABLE_CODE = YES;
				CLANG_WARN__DUPLICATE_METHOD_MATCH = YES;
				COPY_PHASE_STRIP = YES;
				DEBUG_INFORMATION_FORMAT = "dwarf-with-dsym";
				ENABLE_NS_ASSERTIONS = NO;
				ENABLE_STRICT_OBJC_MSGSEND = YES;
				GCC_C_LANGUAGE_STANDARD = gnu99;
				GCC_WARN_64_TO_32_BIT_CONVERSION = YES;
				GCC_WARN_ABOUT_RETURN_TYPE = YES_ERROR;
				GCC_WARN_UNDECLARED_SELECTOR = YES;
				GCC_WARN_UNINITIALIZED_AUTOS = YES_AGGRESSIVE;
				GCC_WARN_UNUSED_FUNCTION = YES;
				GCC_WARN_UNUSED_VARIABLE = YES;
				MACOSX_DEPLOYMENT_TARGET = 10.9;
				MTL_ENABLE_DEBUG_INFO = NO;
				SDKROOT = macosx;
			};
			name = Release;
		};
		4C2C0E1F1991993E00808039 /* Debug */ = {
			isa = XCBuildConfiguration;
			buildSettings = {
				PRODUCT_NAME = "$(TARGET_NAME)";
			};
			name = Debug;
		};
		4C2C0E201991993E00808039 /* Release */ = {
			isa = XCBuildConfiguration;
			buildSettings = {
				PRODUCT_NAME = "$(TARGET_NAME)";
			};
			name = Release;
		};
/* End XCBuildConfiguration section */

/* Begin XCConfigurationList section */
		4C2C0E121991993E00808039 /* Build configuration list for PBXProject "swift-smc" */ = {
			isa = XCConfigurationList;
			buildConfigurations = (
				4C2C0E1C1991993E00808039 /* Debug */,
				4C2C0E1D1991993E00808039 /* Release */,
			);
			defaultConfigurationIsVisible = 0;
			defaultConfigurationName = Release;
		};
		4C2C0E1E1991993E00808039 /* Build configuration list for PBXNativeTarget "swift-smc" */ = {
			isa = XCConfigurationList;
			buildConfigurations = (
				4C2C0E1F1991993E00808039 /* Debug */,
				4C2C0E201991993E00808039 /* Release */,
			);
			defaultConfigurationIsVisible = 0;
			defaultConfigurationName = Release;
		};
/* End XCConfigurationList section */
	};
	rootObject = 4C2C0E0F1991993E00808039 /* Project object */;
}
